
Microsoft Visual Studio Solution File, Format Version 12.00
# Visual Studio 15
VisualStudioVersion = 15.0.26430.13
MinimumVisualStudioVersion = 10.0.40219.1
Project("{FAE04EC0-301F-11D3-BF4B-00C04F79EFBC}") = "ReceitasCaseiras.PCL", "ReceitasCaseiras.PCL\ReceitasCaseiras.PCL.csproj", "{67F9D3A8-F71E-4428-913F-C37AE82CDB24}"
EndProject
Project("{FAE04EC0-301F-11D3-BF4B-00C04F79EFBC}") = "ReceitasCaseiras.UIWindows", "ReceitasCaseiras.UIWindows\ReceitasCaseiras.UIWindows.csproj", "{D9DF0C68-158E-4C80-A508-730A9C46DB5C}"
EndProject
Project("{FAE04EC0-301F-11D3-BF4B-00C04F79EFBC}") = "ReceitasCaseiras.Android", "ReceitasCaseiras.Android\ReceitasCaseiras.Android.csproj", "{4FCB75B8-4975-48DD-9A9B-B8D67BB8F1F2}"
EndProject
Project("{D954291E-2A0B-460D-934E-DC6B0785DB48}") = "ReceitasCaseiras.SAP", "ReceitasCaseiras.SAP\ReceitasCaseiras.SAP.shproj", "{44029CD4-49F9-48A7-B833-56FAB9EA561C}"
EndProject
Global
	GlobalSection(SharedMSBuildProjectFiles) = preSolution
		ReceitasCaseiras.SAP\ReceitasCaseiras.SAP.projitems*{44029cd4-49f9-48a7-b833-56fab9ea561c}*SharedItemsImports = 13
	EndGlobalSection
	GlobalSection(SolutionConfigurationPlatforms) = preSolution
		Debug|Any CPU = Debug|Any CPU
		Debug|ARM = Debug|ARM
		Debug|x64 = Debug|x64
		Debug|x86 = Debug|x86
		Release|Any CPU = Release|Any CPU
		Release|ARM = Release|ARM
		Release|x64 = Release|x64
		Release|x86 = Release|x86
	EndGlobalSection
	GlobalSection(ProjectConfigurationPlatforms) = postSolution
		{67F9D3A8-F71E-4428-913F-C37AE82CDB24}.Debug|Any CPU.ActiveCfg = Debug|Any CPU
		{67F9D3A8-F71E-4428-913F-C37AE82CDB24}.Debug|Any CPU.Build.0 = Debug|Any CPU
		{67F9D3A8-F71E-4428-913F-C37AE82CDB24}.Debug|ARM.ActiveCfg = Debug|Any CPU
		{67F9D3A8-F71E-4428-913F-C37AE82CDB24}.Debug|ARM.Build.0 = Debug|Any CPU
		{67F9D3A8-F71E-4428-913F-C37AE82CDB24}.Debug|x64.ActiveCfg = Debug|Any CPU
		{67F9D3A8-F71E-4428-913F-C37AE82CDB24}.Debug|x64.Build.0 = Debug|Any CPU
		{67F9D3A8-F71E-4428-913F-C37AE82CDB24}.Debug|x86.ActiveCfg = Debug|Any CPU
		{67F9D3A8-F71E-4428-913F-C37AE82CDB24}.Debug|x86.Build.0 = Debug|Any CPU
		{67F9D3A8-F71E-4428-913F-C37AE82CDB24}.Release|Any CPU.ActiveCfg = Release|Any CPU
		{67F9D3A8-F71E-4428-913F-C37AE82CDB24}.Release|Any CPU.Build.0 = Release|Any CPU
		{67F9D3A8-F71E-4428-913F-C37AE82CDB24}.Release|ARM.ActiveCfg = Release|Any CPU
		{67F9D3A8-F71E-4428-913F-C37AE82CDB24}.Release|ARM.Build.0 = Release|Any CPU
		{67F9D3A8-F71E-4428-913F-C37AE82CDB24}.Release|x64.ActiveCfg = Release|Any CPU
		{67F9D3A8-F71E-4428-913F-C37AE82CDB24}.Release|x64.Build.0 = Release|Any CPU
		{67F9D3A8-F71E-4428-913F-C37AE82CDB24}.Release|x86.ActiveCfg = Release|Any CPU
		{67F9D3A8-F71E-4428-913F-C37AE82CDB24}.Release|x86.Build.0 = Release|Any CPU
		{D9DF0C68-158E-4C80-A508-730A9C46DB5C}.Debug|Any CPU.ActiveCfg = Debug|x86
		{D9DF0C68-158E-4C80-A508-730A9C46DB5C}.Debug|ARM.ActiveCfg = Debug|ARM
		{D9DF0C68-158E-4C80-A508-730A9C46DB5C}.Debug|ARM.Build.0 = Debug|ARM
		{D9DF0C68-158E-4C80-A508-730A9C46DB5C}.Debug|ARM.Deploy.0 = Debug|ARM
		{D9DF0C68-158E-4C80-A508-730A9C46DB5C}.Debug|x64.ActiveCfg = Debug|x64
		{D9DF0C68-158E-4C80-A508-730A9C46DB5C}.Debug|x64.Build.0 = Debug|x64
		{D9DF0C68-158E-4C80-A508-730A9C46DB5C}.Debug|x64.Deploy.0 = Debug|x64
		{D9DF0C68-158E-4C80-A508-730A9C46DB5C}.Debug|x86.ActiveCfg = Debug|x86
		{D9DF0C68-158E-4C80-A508-730A9C46DB5C}.Debug|x86.Build.0 = Debug|x86
		{D9DF0C68-158E-4C80-A508-730A9C46DB5C}.Debug|x86.Deploy.0 = Debug|x86
		{D9DF0C68-158E-4C80-A508-730A9C46DB5C}.Release|Any CPU.ActiveCfg = Release|x86
		{D9DF0C68-158E-4C80-A508-730A9C46DB5C}.Release|ARM.ActiveCfg = Release|ARM
		{D9DF0C68-158E-4C80-A508-730A9C46DB5C}.Release|ARM.Build.0 = Release|ARM
		{D9DF0C68-158E-4C80-A508-730A9C46DB5C}.Release|ARM.Deploy.0 = Release|ARM
		{D9DF0C68-158E-4C80-A508-730A9C46DB5C}.Release|x64.ActiveCfg = Release|x64
		{D9DF0C68-158E-4C80-A508-730A9C46DB5C}.Release|x64.Build.0 = Release|x64
		{D9DF0C68-158E-4C80-A508-730A9C46DB5C}.Release|x64.Deploy.0 = Release|x64
		{D9DF0C68-158E-4C80-A508-730A9C46DB5C}.Release|x86.ActiveCfg = Release|x86
		{D9DF0C68-158E-4C80-A508-730A9C46DB5C}.Release|x86.Build.0 = Release|x86
		{D9DF0C68-158E-4C80-A508-730A9C46DB5C}.Release|x86.Deploy.0 = Release|x86
		{4FCB75B8-4975-48DD-9A9B-B8D67BB8F1F2}.Debug|Any CPU.ActiveCfg = Debug|Any CPU
		{4FCB75B8-4975-48DD-9A9B-B8D67BB8F1F2}.Debug|Any CPU.Build.0 = Debug|Any CPU
		{4FCB75B8-4975-48DD-9A9B-B8D67BB8F1F2}.Debug|Any CPU.Deploy.0 = Debug|Any CPU
		{4FCB75B8-4975-48DD-9A9B-B8D67BB8F1F2}.Debug|ARM.ActiveCfg = Debug|Any CPU
		{4FCB75B8-4975-48DD-9A9B-B8D67BB8F1F2}.Debug|ARM.Build.0 = Debug|Any CPU
		{4FCB75B8-4975-48DD-9A9B-B8D67BB8F1F2}.Debug|ARM.Deploy.0 = Debug|Any CPU
		{4FCB75B8-4975-48DD-9A9B-B8D67BB8F1F2}.Debug|x64.ActiveCfg = Debug|Any CPU
		{4FCB75B8-4975-48DD-9A9B-B8D67BB8F1F2}.Debug|x64.Build.0 = Debug|Any CPU
		{4FCB75B8-4975-48DD-9A9B-B8D67BB8F1F2}.Debug|x64.Deploy.0 = Debug|Any CPU
		{4FCB75B8-4975-48DD-9A9B-B8D67BB8F1F2}.Debug|x86.ActiveCfg = Debug|Any CPU
		{4FCB75B8-4975-48DD-9A9B-B8D67BB8F1F2}.Debug|x86.Build.0 = Debug|Any CPU
		{4FCB75B8-4975-48DD-9A9B-B8D67BB8F1F2}.Debug|x86.Deploy.0 = Debug|Any CPU
		{4FCB75B8-4975-48DD-9A9B-B8D67BB8F1F2}.Release|Any CPU.ActiveCfg = Release|Any CPU
		{4FCB75B8-4975-48DD-9A9B-B8D67BB8F1F2}.Release|Any CPU.Build.0 = Release|Any CPU
		{4FCB75B8-4975-48DD-9A9B-B8D67BB8F1F2}.Release|Any CPU.Deploy.0 = Release|Any CPU
		{4FCB75B8-4975-48DD-9A9B-B8D67BB8F1F2}.Release|ARM.ActiveCfg = Release|Any CPU
		{4FCB75B8-4975-48DD-9A9B-B8D67BB8F1F2}.Release|ARM.Build.0 = Release|Any CPU
		{4FCB75B8-4975-48DD-9A9B-B8D67BB8F1F2}.Release|ARM.Deploy.0 = Release|Any CPU
		{4FCB75B8-4975-48DD-9A9B-B8D67BB8F1F2}.Release|x64.ActiveCfg = Release|Any CPU
		{4FCB75B8-4975-48DD-9A9B-B8D67BB8F1F2}.Release|x64.Build.0 = Release|Any CPU
		{4FCB75B8-4975-48DD-9A9B-B8D67BB8F1F2}.Release|x64.Deploy.0 = Release|Any CPU
		{4FCB75B8-4975-48DD-9A9B-B8D67BB8F1F2}.Release|x86.ActiveCfg = Release|Any CPU
		{4FCB75B8-4975-48DD-9A9B-B8D67BB8F1F2}.Release|x86.Build.0 = Release|Any CPU
		{4FCB75B8-4975-48DD-9A9B-B8D67BB8F1F2}.Release|x86.Deploy.0 = Release|Any CPU
	EndGlobalSection
	GlobalSection(SolutionProperties) = preSolution
		HideSolutionNode = FALSE
	EndGlobalSection
EndGlobal
